
Microsoft Visual Studio Solution File, Format Version 12.00
# Visual Studio Version 17
VisualStudioVersion = 17.8.34309.116
MinimumVisualStudioVersion = 10.0.40219.1
Project("{FAE04EC0-301F-11D3-BF4B-00C04F79EFBC}") = "Shabloni2", "Shabloni2\Shabloni2.csproj", "{0F4F02AB-D66C-4A65-8E1E-C43AE19EBD07}"
EndProject
Global
	GlobalSection(SolutionConfigurationPlatforms) = preSolution
		Debug|Any CPU = Debug|Any CPU
		Release|Any CPU = Release|Any CPU
	EndGlobalSection
	GlobalSection(ProjectConfigurationPlatforms) = postSolution
		{0F4F02AB-D66C-4A65-8E1E-C43AE19EBD07}.Debug|Any CPU.ActiveCfg = Debug|Any CPU
		{0F4F02AB-D66C-4A65-8E1E-C43AE19EBD07}.Debug|Any CPU.Build.0 = Debug|Any CPU
		{0F4F02AB-D66C-4A65-8E1E-C43AE19EBD07}.Release|Any CPU.ActiveCfg = Release|Any CPU
		{0F4F02AB-D66C-4A65-8E1E-C43AE19EBD07}.Release|Any CPU.Build.0 = Release|Any CPU
	EndGlobalSection
	GlobalSection(SolutionProperties) = preSolution
		HideSolutionNode = FALSE
	EndGlobalSection
	GlobalSection(ExtensibilityGlobals) = postSolution
		SolutionGuid = {F363DF36-4E2D-409D-934C-38DBCD2F3E71}
	EndGlobalSection
EndGlobal
