
Microsoft Visual Studio Solution File, Format Version 12.00
# Visual Studio Version 17
VisualStudioVersion = 17.8.34309.116
MinimumVisualStudioVersion = 10.0.40219.1
Project("{FAE04EC0-301F-11D3-BF4B-00C04F79EFBC}") = "Shabloni3", "Shabloni3\Shabloni3.csproj", "{1AE67C66-5FA6-45CE-B727-5B84ADF62E4F}"
EndProject
Global
	GlobalSection(SolutionConfigurationPlatforms) = preSolution
		Debug|Any CPU = Debug|Any CPU
		Release|Any CPU = Release|Any CPU
	EndGlobalSection
	GlobalSection(ProjectConfigurationPlatforms) = postSolution
		{1AE67C66-5FA6-45CE-B727-5B84ADF62E4F}.Debug|Any CPU.ActiveCfg = Debug|Any CPU
		{1AE67C66-5FA6-45CE-B727-5B84ADF62E4F}.Debug|Any CPU.Build.0 = Debug|Any CPU
		{1AE67C66-5FA6-45CE-B727-5B84ADF62E4F}.Release|Any CPU.ActiveCfg = Release|Any CPU
		{1AE67C66-5FA6-45CE-B727-5B84ADF62E4F}.Release|Any CPU.Build.0 = Release|Any CPU
	EndGlobalSection
	GlobalSection(SolutionProperties) = preSolution
		HideSolutionNode = FALSE
	EndGlobalSection
	GlobalSection(ExtensibilityGlobals) = postSolution
		SolutionGuid = {1E393EA3-1655-454A-86D4-A5113CEA7E5F}
	EndGlobalSection
EndGlobal
